# THIS IS AN AUTOGENERATED FILE. DO NOT EDIT THIS FILE DIRECTLY.
# yarn lockfile v1


"@msgpackr-extract/msgpackr-extract-darwin-arm64@3.0.2":
  version "3.0.2"
  resolved "https://registry.yarnpkg.com/@msgpackr-extract/msgpackr-extract-darwin-arm64/-/msgpackr-extract-darwin-arm64-3.0.2.tgz#44d752c1a2dc113f15f781b7cc4f53a307e3fa38"
  integrity sha512-9bfjwDxIDWmmOKusUcqdS4Rw+SETlp9Dy39Xui9BEGEk19dDwH0jhipwFzEff/pFg95NKymc6TOTbRKcWeRqyQ==

"@msgpackr-extract/msgpackr-extract-darwin-x64@3.0.2":
  version "3.0.2"
  resolved "https://registry.yarnpkg.com/@msgpackr-extract/msgpackr-extract-darwin-x64/-/msgpackr-extract-darwin-x64-3.0.2.tgz#f954f34355712212a8e06c465bc06c40852c6bb3"
  integrity sha512-lwriRAHm1Yg4iDf23Oxm9n/t5Zpw1lVnxYU3HnJPTi2lJRkKTrps1KVgvL6m7WvmhYVt/FIsssWay+k45QHeuw==

"@msgpackr-extract/msgpackr-extract-linux-arm64@3.0.2":
  version "3.0.2"
  resolved "https://registry.yarnpkg.com/@msgpackr-extract/msgpackr-extract-linux-arm64/-/msgpackr-extract-linux-arm64-3.0.2.tgz#45c63037f045c2b15c44f80f0393fa24f9655367"
  integrity sha512-FU20Bo66/f7He9Fp9sP2zaJ1Q8L9uLPZQDub/WlUip78JlPeMbVL8546HbZfcW9LNciEXc8d+tThSJjSC+tmsg==

"@msgpackr-extract/msgpackr-extract-linux-arm@3.0.2":
  version "3.0.2"
  resolved "https://registry.yarnpkg.com/@msgpackr-extract/msgpackr-extract-linux-arm/-/msgpackr-extract-linux-arm-3.0.2.tgz#35707efeafe6d22b3f373caf9e8775e8920d1399"
  integrity sha512-MOI9Dlfrpi2Cuc7i5dXdxPbFIgbDBGgKR5F2yWEa6FVEtSWncfVNKW5AKjImAQ6CZlBK9tympdsZJ2xThBiWWA==

"@msgpackr-extract/msgpackr-extract-linux-x64@3.0.2":
  version "3.0.2"
  resolved "https://registry.yarnpkg.com/@msgpackr-extract/msgpackr-extract-linux-x64/-/msgpackr-extract-linux-x64-3.0.2.tgz#091b1218b66c341f532611477ef89e83f25fae4f"
  integrity sha512-gsWNDCklNy7Ajk0vBBf9jEx04RUxuDQfBse918Ww+Qb9HCPoGzS+XJTLe96iN3BVK7grnLiYghP/M4L8VsaHeA==

"@msgpackr-extract/msgpackr-extract-win32-x64@3.0.2":
  version "3.0.2"
  resolved "https://registry.yarnpkg.com/@msgpackr-extract/msgpackr-extract-win32-x64/-/msgpackr-extract-win32-x64-3.0.2.tgz#0f164b726869f71da3c594171df5ebc1c4b0a407"
  integrity sha512-O+6Gs8UeDbyFpbSh2CPEz/UOrrdWPTBYNblZK5CxxLisYt4kGX3Sc+czffFonyjiGSq3jWLwJS/CCJc7tBr4sQ==

dotenv@^16.1.4:
  version "16.3.1"
  resolved "https://registry.yarnpkg.com/dotenv/-/dotenv-16.3.1.tgz#369034de7d7e5b120972693352a3bf112172cc3e"
  integrity sha512-IPzF4w4/Rd94bA9imS68tZBaYyBWSCE47V1RGuMrB94iyTOIEwRmVL2x/4An+6mETpLrKJ5hQkB8W4kFAadeIQ==

msgpackr-extract@^3.0.2:
  version "3.0.2"
  resolved "https://registry.yarnpkg.com/msgpackr-extract/-/msgpackr-extract-3.0.2.tgz#e05ec1bb4453ddf020551bcd5daaf0092a2c279d"
  integrity sha512-SdzXp4kD/Qf8agZ9+iTu6eql0m3kWm1A2y1hkpTeVNENutaB0BwHlSvAIaMxwntmRUAUjon2V4L8Z/njd0Ct8A==
  dependencies:
    node-gyp-build-optional-packages "5.0.7"
  optionalDependencies:
    "@msgpackr-extract/msgpackr-extract-darwin-arm64" "3.0.2"
    "@msgpackr-extract/msgpackr-extract-darwin-x64" "3.0.2"
    "@msgpackr-extract/msgpackr-extract-linux-arm" "3.0.2"
    "@msgpackr-extract/msgpackr-extract-linux-arm64" "3.0.2"
    "@msgpackr-extract/msgpackr-extract-linux-x64" "3.0.2"
    "@msgpackr-extract/msgpackr-extract-win32-x64" "3.0.2"

msgpackr@^1.9.5:
  version "1.9.9"
  resolved "https://registry.yarnpkg.com/msgpackr/-/msgpackr-1.9.9.tgz#ec71e37beb8729280847f683cb0a340eb35ce70f"
  integrity sha512-sbn6mioS2w0lq1O6PpGtsv6Gy8roWM+o3o4Sqjd6DudrL/nOugY+KyJUimoWzHnf9OkO0T6broHFnYE/R05t9A==
  optionalDependencies:
    msgpackr-extract "^3.0.2"

node-gyp-build-optional-packages@5.0.7:
  version "5.0.7"
  resolved "https://registry.yarnpkg.com/node-gyp-build-optional-packages/-/node-gyp-build-optional-packages-5.0.7.tgz#5d2632bbde0ab2f6e22f1bbac2199b07244ae0b3"
  integrity sha512-YlCCc6Wffkx0kHkmam79GKvDQ6x+QZkMjFGrIMxgFNILFvGSbCp2fCBC55pGTT9gVaz8Na5CLmxt/urtzRv36w==

poly-decomp@^0.3.0:
  version "0.3.0"
  resolved "https://registry.yarnpkg.com/poly-decomp/-/poly-decomp-0.3.0.tgz#aa499289bbc1a4ca2213e966587fa5bffc1ca5f5"
  integrity sha512-hWeBxGzPYiybmI4548Fca7Up/0k1qS5+79cVHI9+H33dKya5YNb9hxl0ZnDaDgvrZSuYFBhkCK/HOnqN7gefkQ==

sat@^0.9.0:
  version "0.9.0"
  resolved "https://registry.yarnpkg.com/sat/-/sat-0.9.0.tgz#02091260513c8f2482da7db9377ddfeca80f5982"
  integrity sha512-mxdv5RZJO4tdMnUURGU3gAMcnDUEwcNJwE+lPO0/V+rBeDvFLH3wEZEOR0fH7cTN0zQaNxBEbHnyQL9DzupwQQ==

uWebSockets.js@uNetworking/uWebSockets.js#v20.30.0:
  version "20.30.0"
  resolved "https://codeload.github.com/uNetworking/uWebSockets.js/tar.gz/d39d4181daf5b670d44cbc1b18f8c28c85fd4142"

uuid@^9.0.0:
  version "9.0.1"
  resolved "https://registry.yarnpkg.com/uuid/-/uuid-9.0.1.tgz#e188d4c8853cc722220392c424cd637f32293f30"
  integrity sha512-b+1eJOlsR9K8HJpow9Ok3fiWOWSIcIzXodvv0rQjVoOVNpWMpxf1wZNpt4y9h10odCNrqnYp1OBzRktckBe3sA==
